
Microsoft Visual Studio Solution File, Format Version 12.00
# Visual Studio 14
VisualStudioVersion = 14.0.23107.0
MinimumVisualStudioVersion = 10.0.40219.1
Project("{FAE04EC0-301F-11D3-BF4B-00C04F79EFBC}") = "ServerBrowser", "ServerBrowser\ServerBrowser.csproj", "{6F0E7614-3662-4D81-B680-53B66C089470}"
EndProject
Project("{FAE04EC0-301F-11D3-BF4B-00C04F79EFBC}") = "QueryMaster", "QueryMaster\QueryMaster\QueryMaster.csproj", "{4CA9C894-518F-42D7-BBE2-CFDFE7A03F8A}"
EndProject
Project("{2150E333-8FDC-42A3-9474-1A3956D46DE8}") = "Solution Items", "Solution Items", "{99D5D9E8-F715-4A3B-827B-DDD750AC415D}"
	ProjectSection(SolutionItems) = preProject
		changelog.md = changelog.md
		CreateDistribZip.cmd = CreateDistribZip.cmd
		README.md = README.md
	EndProjectSection
EndProject
Global
	GlobalSection(SolutionConfigurationPlatforms) = preSolution
		Debug TA DEMO|Any CPU = Debug TA DEMO|Any CPU
		Debug TA DEMO|Mixed Platforms = Debug TA DEMO|Mixed Platforms
		Debug TA DEMO|Win32 = Debug TA DEMO|Win32
		Debug TA DEMO|x86 = Debug TA DEMO|x86
		Debug TA|Any CPU = Debug TA|Any CPU
		Debug TA|Mixed Platforms = Debug TA|Mixed Platforms
		Debug TA|Win32 = Debug TA|Win32
		Debug TA|x86 = Debug TA|x86
		Debug|Any CPU = Debug|Any CPU
		Debug|Mixed Platforms = Debug|Mixed Platforms
		Debug|Win32 = Debug|Win32
		Debug|x86 = Debug|x86
		Release TA DEMO|Any CPU = Release TA DEMO|Any CPU
		Release TA DEMO|Mixed Platforms = Release TA DEMO|Mixed Platforms
		Release TA DEMO|Win32 = Release TA DEMO|Win32
		Release TA DEMO|x86 = Release TA DEMO|x86
		Release TA|Any CPU = Release TA|Any CPU
		Release TA|Mixed Platforms = Release TA|Mixed Platforms
		Release TA|Win32 = Release TA|Win32
		Release TA|x86 = Release TA|x86
		Release|Any CPU = Release|Any CPU
		Release|Mixed Platforms = Release|Mixed Platforms
		Release|Win32 = Release|Win32
		Release|x86 = Release|x86
		vector|Any CPU = vector|Any CPU
		vector|Mixed Platforms = vector|Mixed Platforms
		vector|Win32 = vector|Win32
		vector|x86 = vector|x86
	EndGlobalSection
	GlobalSection(ProjectConfigurationPlatforms) = postSolution
		{6F0E7614-3662-4D81-B680-53B66C089470}.Debug TA DEMO|Any CPU.ActiveCfg = Debug|Any CPU
		{6F0E7614-3662-4D81-B680-53B66C089470}.Debug TA DEMO|Any CPU.Build.0 = Debug|Any CPU
		{6F0E7614-3662-4D81-B680-53B66C089470}.Debug TA DEMO|Mixed Platforms.ActiveCfg = Debug|Any CPU
		{6F0E7614-3662-4D81-B680-53B66C089470}.Debug TA DEMO|Mixed Platforms.Build.0 = Debug|Any CPU
		{6F0E7614-3662-4D81-B680-53B66C089470}.Debug TA DEMO|Win32.ActiveCfg = Debug|Any CPU
		{6F0E7614-3662-4D81-B680-53B66C089470}.Debug TA DEMO|x86.ActiveCfg = Debug|Any CPU
		{6F0E7614-3662-4D81-B680-53B66C089470}.Debug TA|Any CPU.ActiveCfg = Debug|Any CPU
		{6F0E7614-3662-4D81-B680-53B66C089470}.Debug TA|Any CPU.Build.0 = Debug|Any CPU
		{6F0E7614-3662-4D81-B680-53B66C089470}.Debug TA|Mixed Platforms.ActiveCfg = Debug|Any CPU
		{6F0E7614-3662-4D81-B680-53B66C089470}.Debug TA|Mixed Platforms.Build.0 = Debug|Any CPU
		{6F0E7614-3662-4D81-B680-53B66C089470}.Debug TA|Win32.ActiveCfg = Debug|Any CPU
		{6F0E7614-3662-4D81-B680-53B66C089470}.Debug TA|x86.ActiveCfg = Debug|Any CPU
		{6F0E7614-3662-4D81-B680-53B66C089470}.Debug|Any CPU.ActiveCfg = Debug|Any CPU
		{6F0E7614-3662-4D81-B680-53B66C089470}.Debug|Any CPU.Build.0 = Debug|Any CPU
		{6F0E7614-3662-4D81-B680-53B66C089470}.Debug|Mixed Platforms.ActiveCfg = Debug|Any CPU
		{6F0E7614-3662-4D81-B680-53B66C089470}.Debug|Mixed Platforms.Build.0 = Debug|Any CPU
		{6F0E7614-3662-4D81-B680-53B66C089470}.Debug|Win32.ActiveCfg = Debug|x86
		{6F0E7614-3662-4D81-B680-53B66C089470}.Debug|Win32.Build.0 = Debug|x86
		{6F0E7614-3662-4D81-B680-53B66C089470}.Debug|x86.ActiveCfg = Debug|x86
		{6F0E7614-3662-4D81-B680-53B66C089470}.Debug|x86.Build.0 = Debug|x86
		{6F0E7614-3662-4D81-B680-53B66C089470}.Release TA DEMO|Any CPU.ActiveCfg = Release|Any CPU
		{6F0E7614-3662-4D81-B680-53B66C089470}.Release TA DEMO|Any CPU.Build.0 = Release|Any CPU
		{6F0E7614-3662-4D81-B680-53B66C089470}.Release TA DEMO|Mixed Platforms.ActiveCfg = Release|Any CPU
		{6F0E7614-3662-4D81-B680-53B66C089470}.Release TA DEMO|Mixed Platforms.Build.0 = Release|Any CPU
		{6F0E7614-3662-4D81-B680-53B66C089470}.Release TA DEMO|Win32.ActiveCfg = Release|Any CPU
		{6F0E7614-3662-4D81-B680-53B66C089470}.Release TA DEMO|x86.ActiveCfg = Release|Any CPU
		{6F0E7614-3662-4D81-B680-53B66C089470}.Release TA|Any CPU.ActiveCfg = Release|Any CPU
		{6F0E7614-3662-4D81-B680-53B66C089470}.Release TA|Any CPU.Build.0 = Release|Any CPU
		{6F0E7614-3662-4D81-B680-53B66C089470}.Release TA|Mixed Platforms.ActiveCfg = Release|Any CPU
		{6F0E7614-3662-4D81-B680-53B66C089470}.Release TA|Mixed Platforms.Build.0 = Release|Any CPU
		{6F0E7614-3662-4D81-B680-53B66C089470}.Release TA|Win32.ActiveCfg = Release|Any CPU
		{6F0E7614-3662-4D81-B680-53B66C089470}.Release TA|x86.ActiveCfg = Release|Any CPU
		{6F0E7614-3662-4D81-B680-53B66C089470}.Release|Any CPU.ActiveCfg = Release|Any CPU
		{6F0E7614-3662-4D81-B680-53B66C089470}.Release|Any CPU.Build.0 = Release|Any CPU
		{6F0E7614-3662-4D81-B680-53B66C089470}.Release|Mixed Platforms.ActiveCfg = Release|Any CPU
		{6F0E7614-3662-4D81-B680-53B66C089470}.Release|Mixed Platforms.Build.0 = Release|Any CPU
		{6F0E7614-3662-4D81-B680-53B66C089470}.Release|Win32.ActiveCfg = Release|Any CPU
		{6F0E7614-3662-4D81-B680-53B66C089470}.Release|x86.ActiveCfg = Release|x86
		{6F0E7614-3662-4D81-B680-53B66C089470}.Release|x86.Build.0 = Release|x86
		{6F0E7614-3662-4D81-B680-53B66C089470}.vector|Any CPU.ActiveCfg = Release|Any CPU
		{6F0E7614-3662-4D81-B680-53B66C089470}.vector|Any CPU.Build.0 = Release|Any CPU
		{6F0E7614-3662-4D81-B680-53B66C089470}.vector|Mixed Platforms.ActiveCfg = Release|Any CPU
		{6F0E7614-3662-4D81-B680-53B66C089470}.vector|Mixed Platforms.Build.0 = Release|Any CPU
		{6F0E7614-3662-4D81-B680-53B66C089470}.vector|Win32.ActiveCfg = Release|Any CPU
		{6F0E7614-3662-4D81-B680-53B66C089470}.vector|x86.ActiveCfg = Release|Any CPU
		{4CA9C894-518F-42D7-BBE2-CFDFE7A03F8A}.Debug TA DEMO|Any CPU.ActiveCfg = Debug|Any CPU
		{4CA9C894-518F-42D7-BBE2-CFDFE7A03F8A}.Debug TA DEMO|Any CPU.Build.0 = Debug|Any CPU
		{4CA9C894-518F-42D7-BBE2-CFDFE7A03F8A}.Debug TA DEMO|Mixed Platforms.ActiveCfg = Debug|Any CPU
		{4CA9C894-518F-42D7-BBE2-CFDFE7A03F8A}.Debug TA DEMO|Mixed Platforms.Build.0 = Debug|Any CPU
		{4CA9C894-518F-42D7-BBE2-CFDFE7A03F8A}.Debug TA DEMO|Win32.ActiveCfg = Debug|Any CPU
		{4CA9C894-518F-42D7-BBE2-CFDFE7A03F8A}.Debug TA DEMO|x86.ActiveCfg = Debug|Any CPU
		{4CA9C894-518F-42D7-BBE2-CFDFE7A03F8A}.Debug TA|Any CPU.ActiveCfg = Debug|Any CPU
		{4CA9C894-518F-42D7-BBE2-CFDFE7A03F8A}.Debug TA|Any CPU.Build.0 = Debug|Any CPU
		{4CA9C894-518F-42D7-BBE2-CFDFE7A03F8A}.Debug TA|Mixed Platforms.ActiveCfg = Debug|Any CPU
		{4CA9C894-518F-42D7-BBE2-CFDFE7A03F8A}.Debug TA|Mixed Platforms.Build.0 = Debug|Any CPU
		{4CA9C894-518F-42D7-BBE2-CFDFE7A03F8A}.Debug TA|Win32.ActiveCfg = Debug|Any CPU
		{4CA9C894-518F-42D7-BBE2-CFDFE7A03F8A}.Debug TA|x86.ActiveCfg = Debug|Any CPU
		{4CA9C894-518F-42D7-BBE2-CFDFE7A03F8A}.Debug|Any CPU.ActiveCfg = Debug|Any CPU
		{4CA9C894-518F-42D7-BBE2-CFDFE7A03F8A}.Debug|Any CPU.Build.0 = Debug|Any CPU
		{4CA9C894-518F-42D7-BBE2-CFDFE7A03F8A}.Debug|Mixed Platforms.ActiveCfg = Debug|Any CPU
		{4CA9C894-518F-42D7-BBE2-CFDFE7A03F8A}.Debug|Mixed Platforms.Build.0 = Debug|Any CPU
		{4CA9C894-518F-42D7-BBE2-CFDFE7A03F8A}.Debug|Win32.ActiveCfg = Debug|x86
		{4CA9C894-518F-42D7-BBE2-CFDFE7A03F8A}.Debug|Win32.Build.0 = Debug|x86
		{4CA9C894-518F-42D7-BBE2-CFDFE7A03F8A}.Debug|x86.ActiveCfg = Debug|x86
		{4CA9C894-518F-42D7-BBE2-CFDFE7A03F8A}.Debug|x86.Build.0 = Debug|x86
		{4CA9C894-518F-42D7-BBE2-CFDFE7A03F8A}.Release TA DEMO|Any CPU.ActiveCfg = Release|Any CPU
		{4CA9C894-518F-42D7-BBE2-CFDFE7A03F8A}.Release TA DEMO|Any CPU.Build.0 = Release|Any CPU
		{4CA9C894-518F-42D7-BBE2-CFDFE7A03F8A}.Release TA DEMO|Mixed Platforms.ActiveCfg = Release|Any CPU
		{4CA9C894-518F-42D7-BBE2-CFDFE7A03F8A}.Release TA DEMO|Mixed Platforms.Build.0 = Release|Any CPU
		{4CA9C894-518F-42D7-BBE2-CFDFE7A03F8A}.Release TA DEMO|Win32.ActiveCfg = Release|Any CPU
		{4CA9C894-518F-42D7-BBE2-CFDFE7A03F8A}.Release TA DEMO|x86.ActiveCfg = Release|Any CPU
		{4CA9C894-518F-42D7-BBE2-CFDFE7A03F8A}.Release TA|Any CPU.ActiveCfg = Release|Any CPU
		{4CA9C894-518F-42D7-BBE2-CFDFE7A03F8A}.Release TA|Any CPU.Build.0 = Release|Any CPU
		{4CA9C894-518F-42D7-BBE2-CFDFE7A03F8A}.Release TA|Mixed Platforms.ActiveCfg = Release|Any CPU
		{4CA9C894-518F-42D7-BBE2-CFDFE7A03F8A}.Release TA|Mixed Platforms.Build.0 = Release|Any CPU
		{4CA9C894-518F-42D7-BBE2-CFDFE7A03F8A}.Release TA|Win32.ActiveCfg = Release|Any CPU
		{4CA9C894-518F-42D7-BBE2-CFDFE7A03F8A}.Release TA|x86.ActiveCfg = Release|Any CPU
		{4CA9C894-518F-42D7-BBE2-CFDFE7A03F8A}.Release|Any CPU.ActiveCfg = Release|Any CPU
		{4CA9C894-518F-42D7-BBE2-CFDFE7A03F8A}.Release|Any CPU.Build.0 = Release|Any CPU
		{4CA9C894-518F-42D7-BBE2-CFDFE7A03F8A}.Release|Mixed Platforms.ActiveCfg = Release|Any CPU
		{4CA9C894-518F-42D7-BBE2-CFDFE7A03F8A}.Release|Mixed Platforms.Build.0 = Release|Any CPU
		{4CA9C894-518F-42D7-BBE2-CFDFE7A03F8A}.Release|Win32.ActiveCfg = Release|Any CPU
		{4CA9C894-518F-42D7-BBE2-CFDFE7A03F8A}.Release|x86.ActiveCfg = Release|x86
		{4CA9C894-518F-42D7-BBE2-CFDFE7A03F8A}.Release|x86.Build.0 = Release|x86
		{4CA9C894-518F-42D7-BBE2-CFDFE7A03F8A}.vector|Any CPU.ActiveCfg = Release|Any CPU
		{4CA9C894-518F-42D7-BBE2-CFDFE7A03F8A}.vector|Any CPU.Build.0 = Release|Any CPU
		{4CA9C894-518F-42D7-BBE2-CFDFE7A03F8A}.vector|Mixed Platforms.ActiveCfg = Release|Any CPU
		{4CA9C894-518F-42D7-BBE2-CFDFE7A03F8A}.vector|Mixed Platforms.Build.0 = Release|Any CPU
		{4CA9C894-518F-42D7-BBE2-CFDFE7A03F8A}.vector|Win32.ActiveCfg = Release|Any CPU
		{4CA9C894-518F-42D7-BBE2-CFDFE7A03F8A}.vector|x86.ActiveCfg = Release|Any CPU
	EndGlobalSection
	GlobalSection(SolutionProperties) = preSolution
		HideSolutionNode = FALSE
	EndGlobalSection
EndGlobal
